
Microsoft Visual Studio Solution File, Format Version 12.00
# Visual Studio Version 17
VisualStudioVersion = 17.0.31912.275
MinimumVisualStudioVersion = 10.0.40219.1
Project("{9A19103F-16F7-4668-BE54-9A1E7A4F7556}") = "KafkaNetDemo", "KafkaNetDemo\KafkaNetDemo.csproj", "{225D6559-61CD-4513-8337-4230B73564B6}"
EndProject
Project("{9A19103F-16F7-4668-BE54-9A1E7A4F7556}") = "KafkaEmployeeProducerService", "KafkaEmployeeProducerService\KafkaEmployeeProducerService.csproj", "{5F56D043-4932-43A7-94FE-83EB6F9F9170}"
EndProject
Project("{9A19103F-16F7-4668-BE54-9A1E7A4F7556}") = "TimeOff.Models", "TimeOff.Models\TimeOff.Models.csproj", "{8236D33C-82E5-41ED-AA35-F6CB51E8C322}"
EndProject
Project("{9A19103F-16F7-4668-BE54-9A1E7A4F7556}") = "KafkaEmployeeConsumerSevice", "KafkaEmployeeConsumerSevice\KafkaEmployeeConsumerSevice.csproj", "{7637E101-D654-40D7-8CB2-C3B8BF5BECE6}"
EndProject
Project("{9A19103F-16F7-4668-BE54-9A1E7A4F7556}") = "TrySwaggerMinimalApi", "TrySwaggerMinimalApi\TrySwaggerMinimalApi.csproj", "{6EDFEFE0-1E97-4A66-8970-188BA4DFCEDA}"
EndProject
Project("{9A19103F-16F7-4668-BE54-9A1E7A4F7556}") = "Rabbitmq.Producer", "Rabbitmq.Producer\Rabbitmq.Producer.csproj", "{AF3C3205-ABA2-43B8-906E-FA66A4C3C4BC}"
EndProject
Project("{9A19103F-16F7-4668-BE54-9A1E7A4F7556}") = "Rabbitmq.Consumer", "Rabbitmq.Consumer\Rabbitmq.Consumer.csproj", "{FB0910F6-A01B-4C4B-AC6A-B829186C0558}"
EndProject
Project("{9A19103F-16F7-4668-BE54-9A1E7A4F7556}") = "BasicStateMachine", "BasicStateMachine\BasicStateMachine.csproj", "{D4ECA96C-598F-43F8-BAD9-63AC7DF843F7}"
EndProject
Project("{9A19103F-16F7-4668-BE54-9A1E7A4F7556}") = "StatelessStateMachine", "StatelessStateMachine\StatelessStateMachine.csproj", "{6F376640-5BA6-43DE-9371-A10F1A532C85}"
EndProject
Project("{2150E333-8FDC-42A3-9474-1A3956D46DE8}") = "SagaParttern", "SagaParttern", "{77B0DBBA-7C9E-4636-953E-BE9F2D61F09D}"
EndProject
Project("{9A19103F-16F7-4668-BE54-9A1E7A4F7556}") = "OrderService", "OrderService\OrderService.csproj", "{A7729D5E-B25C-47BE-92D0-FB0F29CBB23D}"
EndProject
Project("{9A19103F-16F7-4668-BE54-9A1E7A4F7556}") = "InventoryService", "InventoryService\InventoryService.csproj", "{600C91CF-F8E1-4E44-8785-0FA3DEC51DA4}"
EndProject
Project("{9A19103F-16F7-4668-BE54-9A1E7A4F7556}") = "NotificationService", "NotificationService\NotificationService.csproj", "{64319E50-A79A-4956-BFB6-B0C34C8AD15E}"
EndProject
Project("{9A19103F-16F7-4668-BE54-9A1E7A4F7556}") = "SagaOchestrator", "SagaOchestrator\SagaOchestrator.csproj", "{7C4E3CBC-740F-40C9-9CCE-3AC746B9F7E9}"
EndProject
Project("{2150E333-8FDC-42A3-9474-1A3956D46DE8}") = "MassTransit", "MassTransit", "{CD0AA4DD-66B1-46A1-8220-3829EF542A74}"
EndProject
Project("{9A19103F-16F7-4668-BE54-9A1E7A4F7556}") = "MassTransitUsingRabbitMqDemo.Producer", "MassTransitUsingRabbitMqDemo\MassTransitUsingRabbitMqDemo.Producer.csproj", "{C76C40C3-11F2-4755-B69E-ECF8C057B188}"
EndProject
Project("{9A19103F-16F7-4668-BE54-9A1E7A4F7556}") = "MassTransit.Models", "MassTransit.Models\MassTransit.Models.csproj", "{97A726A4-0EE0-45EC-AABF-ED65291F5D87}"
EndProject
Project("{9A19103F-16F7-4668-BE54-9A1E7A4F7556}") = "MassTransitUsingRabbitMqDemo.Subcriber", "MassTransitUsingRabbitMqDemo.Subcriber\MassTransitUsingRabbitMqDemo.Subcriber.csproj", "{4D24C906-46FE-4E5B-A76A-39943C1F76B5}"
EndProject
Project("{2150E333-8FDC-42A3-9474-1A3956D46DE8}") = "MediatRToMassTransit", "MediatRToMassTransit", "{E81ED71A-A01E-42CD-A92F-8BD4247DE1F6}"
EndProject
Project("{9A19103F-16F7-4668-BE54-9A1E7A4F7556}") = "MediaR.MassTransit", "MediaR.MassTransit\MediaR.MassTransit.csproj", "{6F986984-68C9-4B3D-BC76-FA6BCA9C5AF0}"
EndProject
Project("{9A19103F-16F7-4668-BE54-9A1E7A4F7556}") = "MassTransitInMemory", "MassTransitInMemory\MassTransitInMemory.csproj", "{A372CBD5-71F0-4C5B-8661-84427CAD92C8}"
EndProject
Project("{2150E333-8FDC-42A3-9474-1A3956D46DE8}") = "PerformanceTest", "PerformanceTest", "{7C73C853-1A5F-4F62-BD80-1ED5F1453705}"
EndProject
Project("{9A19103F-16F7-4668-BE54-9A1E7A4F7556}") = "UploadLargeFile", "UploadLargeFile\UploadLargeFile.csproj", "{B771DDA2-657E-4247-A746-3FA374E6D4BA}"
EndProject
Project("{2150E333-8FDC-42A3-9474-1A3956D46DE8}") = "MassTransitStateMachine", "MassTransitStateMachine", "{925502B8-249B-4B7E-A22E-3E7B9E90FDB7}"
EndProject
Project("{9A19103F-16F7-4668-BE54-9A1E7A4F7556}") = "ParallelCheck", "ParallelCheck\ParallelCheck.csproj", "{774FF999-EACD-4149-B574-91698E290D30}"
EndProject
Project("{9A19103F-16F7-4668-BE54-9A1E7A4F7556}") = "MassTransitDemo.SagaStateMachine", "MassTransitDemo.SagaStateMachine\MassTransitDemo.SagaStateMachine.csproj", "{1D50B820-8403-487C-881D-475E84A0AE80}"
EndProject
Project("{2150E333-8FDC-42A3-9474-1A3956D46DE8}") = "CosmosDbleaning", "CosmosDbleaning", "{C098038B-493B-4C89-991A-C56A8264D99F}"
EndProject
Project("{9A19103F-16F7-4668-BE54-9A1E7A4F7556}") = "CosmosDb.Demo1", "CosmosDb.Demo1\CosmosDb.Demo1.csproj", "{5940EF84-9810-4BEC-9D1A-86947FDA293E}"
EndProject
Project("{2150E333-8FDC-42A3-9474-1A3956D46DE8}") = "NugetLibs", "NugetLibs", "{2A666931-97E7-495B-95E6-9C1E332C91D1}"
EndProject
Project("{9A19103F-16F7-4668-BE54-9A1E7A4F7556}") = "OpenTelemetryDemo", "OpenTelemetryDemo\OpenTelemetryDemo.csproj", "{232A81DE-B54F-4AE7-A324-375B7FB384BB}"
EndProject
Project("{9A19103F-16F7-4668-BE54-9A1E7A4F7556}") = "FluentValidationDemo", "FluentValidationDemo\FluentValidationDemo.csproj", "{D49E2ED2-B3ED-4BE1-8B48-B1C056AC9FD9}"
EndProject
Project("{2150E333-8FDC-42A3-9474-1A3956D46DE8}") = "DesignPattern", "DesignPattern", "{40174B47-E63E-494E-A321-408027E2AF35}"
EndProject
Project("{9A19103F-16F7-4668-BE54-9A1E7A4F7556}") = "ProxyPattern", "ProxyPattern\ProxyPattern.csproj", "{1ADD6FBB-ED60-468B-B6FC-0C5939EA8F6B}"
EndProject
Project("{9A19103F-16F7-4668-BE54-9A1E7A4F7556}") = "CompositePattern", "CompositePattern\CompositePattern.csproj", "{55E55A25-0ED3-43B6-A54E-BB2DBA4375D5}"
EndProject
Project("{9A19103F-16F7-4668-BE54-9A1E7A4F7556}") = "VisitorPattern", "VisitorPattern\VisitorPattern.csproj", "{4E8C7110-07E0-4D17-8533-D55ED3324241}"
EndProject
Project("{9A19103F-16F7-4668-BE54-9A1E7A4F7556}") = "StrategyPattern", "StrategyPattern\StrategyPattern.csproj", "{A4C80063-2F8F-46BA-A957-399F091C4CDF}"
EndProject
Project("{9A19103F-16F7-4668-BE54-9A1E7A4F7556}") = "MediatorPattern", "MediatorPattern\MediatorPattern.csproj", "{A6FECA33-E038-4E60-AA9C-31CCFD0C2619}"
EndProject
Project("{9A19103F-16F7-4668-BE54-9A1E7A4F7556}") = "ObserverPattern", "ObserverPattern\ObserverPattern.csproj", "{C5F5EAD6-74A2-4318-ABEE-3E5541380A77}"
EndProject
Project("{2150E333-8FDC-42A3-9474-1A3956D46DE8}") = "SignalR", "SignalR", "{1539DF2E-0B8D-4773-BDBA-61A7301DA387}"
EndProject
Project("{2150E333-8FDC-42A3-9474-1A3956D46DE8}") = "KafkaBasic", "KafkaBasic", "{1F6C9E7A-9B72-4ED4-A766-9986FB987B76}"
EndProject
Project("{2150E333-8FDC-42A3-9474-1A3956D46DE8}") = "KafkaBasicUsingHostedService", "KafkaBasicUsingHostedService", "{B45E5AED-0892-4624-8689-E55221019CC6}"
EndProject
Project("{2150E333-8FDC-42A3-9474-1A3956D46DE8}") = "RabbitmqBasic", "RabbitmqBasic", "{96416016-EA74-4E7D-AE36-5FD2A54D1722}"
EndProject
Global
	GlobalSection(SolutionConfigurationPlatforms) = preSolution
		Debug|Any CPU = Debug|Any CPU
		Release|Any CPU = Release|Any CPU
	EndGlobalSection
	GlobalSection(ProjectConfigurationPlatforms) = postSolution
		{225D6559-61CD-4513-8337-4230B73564B6}.Debug|Any CPU.ActiveCfg = Debug|Any CPU
		{225D6559-61CD-4513-8337-4230B73564B6}.Debug|Any CPU.Build.0 = Debug|Any CPU
		{225D6559-61CD-4513-8337-4230B73564B6}.Release|Any CPU.ActiveCfg = Release|Any CPU
		{225D6559-61CD-4513-8337-4230B73564B6}.Release|Any CPU.Build.0 = Release|Any CPU
		{5F56D043-4932-43A7-94FE-83EB6F9F9170}.Debug|Any CPU.ActiveCfg = Debug|Any CPU
		{5F56D043-4932-43A7-94FE-83EB6F9F9170}.Debug|Any CPU.Build.0 = Debug|Any CPU
		{5F56D043-4932-43A7-94FE-83EB6F9F9170}.Release|Any CPU.ActiveCfg = Release|Any CPU
		{5F56D043-4932-43A7-94FE-83EB6F9F9170}.Release|Any CPU.Build.0 = Release|Any CPU
		{8236D33C-82E5-41ED-AA35-F6CB51E8C322}.Debug|Any CPU.ActiveCfg = Debug|Any CPU
		{8236D33C-82E5-41ED-AA35-F6CB51E8C322}.Debug|Any CPU.Build.0 = Debug|Any CPU
		{8236D33C-82E5-41ED-AA35-F6CB51E8C322}.Release|Any CPU.ActiveCfg = Release|Any CPU
		{8236D33C-82E5-41ED-AA35-F6CB51E8C322}.Release|Any CPU.Build.0 = Release|Any CPU
		{7637E101-D654-40D7-8CB2-C3B8BF5BECE6}.Debug|Any CPU.ActiveCfg = Debug|Any CPU
		{7637E101-D654-40D7-8CB2-C3B8BF5BECE6}.Debug|Any CPU.Build.0 = Debug|Any CPU
		{7637E101-D654-40D7-8CB2-C3B8BF5BECE6}.Release|Any CPU.ActiveCfg = Release|Any CPU
		{7637E101-D654-40D7-8CB2-C3B8BF5BECE6}.Release|Any CPU.Build.0 = Release|Any CPU
		{6EDFEFE0-1E97-4A66-8970-188BA4DFCEDA}.Debug|Any CPU.ActiveCfg = Debug|Any CPU
		{6EDFEFE0-1E97-4A66-8970-188BA4DFCEDA}.Debug|Any CPU.Build.0 = Debug|Any CPU
		{6EDFEFE0-1E97-4A66-8970-188BA4DFCEDA}.Release|Any CPU.ActiveCfg = Release|Any CPU
		{6EDFEFE0-1E97-4A66-8970-188BA4DFCEDA}.Release|Any CPU.Build.0 = Release|Any CPU
		{AF3C3205-ABA2-43B8-906E-FA66A4C3C4BC}.Debug|Any CPU.ActiveCfg = Debug|Any CPU
		{AF3C3205-ABA2-43B8-906E-FA66A4C3C4BC}.Debug|Any CPU.Build.0 = Debug|Any CPU
		{AF3C3205-ABA2-43B8-906E-FA66A4C3C4BC}.Release|Any CPU.ActiveCfg = Release|Any CPU
		{AF3C3205-ABA2-43B8-906E-FA66A4C3C4BC}.Release|Any CPU.Build.0 = Release|Any CPU
		{FB0910F6-A01B-4C4B-AC6A-B829186C0558}.Debug|Any CPU.ActiveCfg = Debug|Any CPU
		{FB0910F6-A01B-4C4B-AC6A-B829186C0558}.Debug|Any CPU.Build.0 = Debug|Any CPU
		{FB0910F6-A01B-4C4B-AC6A-B829186C0558}.Release|Any CPU.ActiveCfg = Release|Any CPU
		{FB0910F6-A01B-4C4B-AC6A-B829186C0558}.Release|Any CPU.Build.0 = Release|Any CPU
		{D4ECA96C-598F-43F8-BAD9-63AC7DF843F7}.Debug|Any CPU.ActiveCfg = Debug|Any CPU
		{D4ECA96C-598F-43F8-BAD9-63AC7DF843F7}.Debug|Any CPU.Build.0 = Debug|Any CPU
		{D4ECA96C-598F-43F8-BAD9-63AC7DF843F7}.Release|Any CPU.ActiveCfg = Release|Any CPU
		{D4ECA96C-598F-43F8-BAD9-63AC7DF843F7}.Release|Any CPU.Build.0 = Release|Any CPU
		{6F376640-5BA6-43DE-9371-A10F1A532C85}.Debug|Any CPU.ActiveCfg = Debug|Any CPU
		{6F376640-5BA6-43DE-9371-A10F1A532C85}.Debug|Any CPU.Build.0 = Debug|Any CPU
		{6F376640-5BA6-43DE-9371-A10F1A532C85}.Release|Any CPU.ActiveCfg = Release|Any CPU
		{6F376640-5BA6-43DE-9371-A10F1A532C85}.Release|Any CPU.Build.0 = Release|Any CPU
		{A7729D5E-B25C-47BE-92D0-FB0F29CBB23D}.Debug|Any CPU.ActiveCfg = Debug|Any CPU
		{A7729D5E-B25C-47BE-92D0-FB0F29CBB23D}.Debug|Any CPU.Build.0 = Debug|Any CPU
		{A7729D5E-B25C-47BE-92D0-FB0F29CBB23D}.Release|Any CPU.ActiveCfg = Release|Any CPU
		{A7729D5E-B25C-47BE-92D0-FB0F29CBB23D}.Release|Any CPU.Build.0 = Release|Any CPU
		{600C91CF-F8E1-4E44-8785-0FA3DEC51DA4}.Debug|Any CPU.ActiveCfg = Debug|Any CPU
		{600C91CF-F8E1-4E44-8785-0FA3DEC51DA4}.Debug|Any CPU.Build.0 = Debug|Any CPU
		{600C91CF-F8E1-4E44-8785-0FA3DEC51DA4}.Release|Any CPU.ActiveCfg = Release|Any CPU
		{600C91CF-F8E1-4E44-8785-0FA3DEC51DA4}.Release|Any CPU.Build.0 = Release|Any CPU
		{64319E50-A79A-4956-BFB6-B0C34C8AD15E}.Debug|Any CPU.ActiveCfg = Debug|Any CPU
		{64319E50-A79A-4956-BFB6-B0C34C8AD15E}.Debug|Any CPU.Build.0 = Debug|Any CPU
		{64319E50-A79A-4956-BFB6-B0C34C8AD15E}.Release|Any CPU.ActiveCfg = Release|Any CPU
		{64319E50-A79A-4956-BFB6-B0C34C8AD15E}.Release|Any CPU.Build.0 = Release|Any CPU
		{7C4E3CBC-740F-40C9-9CCE-3AC746B9F7E9}.Debug|Any CPU.ActiveCfg = Debug|Any CPU
		{7C4E3CBC-740F-40C9-9CCE-3AC746B9F7E9}.Debug|Any CPU.Build.0 = Debug|Any CPU
		{7C4E3CBC-740F-40C9-9CCE-3AC746B9F7E9}.Release|Any CPU.ActiveCfg = Release|Any CPU
		{7C4E3CBC-740F-40C9-9CCE-3AC746B9F7E9}.Release|Any CPU.Build.0 = Release|Any CPU
		{C76C40C3-11F2-4755-B69E-ECF8C057B188}.Debug|Any CPU.ActiveCfg = Debug|Any CPU
		{C76C40C3-11F2-4755-B69E-ECF8C057B188}.Debug|Any CPU.Build.0 = Debug|Any CPU
		{C76C40C3-11F2-4755-B69E-ECF8C057B188}.Release|Any CPU.ActiveCfg = Release|Any CPU
		{C76C40C3-11F2-4755-B69E-ECF8C057B188}.Release|Any CPU.Build.0 = Release|Any CPU
		{97A726A4-0EE0-45EC-AABF-ED65291F5D87}.Debug|Any CPU.ActiveCfg = Debug|Any CPU
		{97A726A4-0EE0-45EC-AABF-ED65291F5D87}.Debug|Any CPU.Build.0 = Debug|Any CPU
		{97A726A4-0EE0-45EC-AABF-ED65291F5D87}.Release|Any CPU.ActiveCfg = Release|Any CPU
		{97A726A4-0EE0-45EC-AABF-ED65291F5D87}.Release|Any CPU.Build.0 = Release|Any CPU
		{4D24C906-46FE-4E5B-A76A-39943C1F76B5}.Debug|Any CPU.ActiveCfg = Debug|Any CPU
		{4D24C906-46FE-4E5B-A76A-39943C1F76B5}.Debug|Any CPU.Build.0 = Debug|Any CPU
		{4D24C906-46FE-4E5B-A76A-39943C1F76B5}.Release|Any CPU.ActiveCfg = Release|Any CPU
		{4D24C906-46FE-4E5B-A76A-39943C1F76B5}.Release|Any CPU.Build.0 = Release|Any CPU
		{6F986984-68C9-4B3D-BC76-FA6BCA9C5AF0}.Debug|Any CPU.ActiveCfg = Debug|Any CPU
		{6F986984-68C9-4B3D-BC76-FA6BCA9C5AF0}.Debug|Any CPU.Build.0 = Debug|Any CPU
		{6F986984-68C9-4B3D-BC76-FA6BCA9C5AF0}.Release|Any CPU.ActiveCfg = Release|Any CPU
		{6F986984-68C9-4B3D-BC76-FA6BCA9C5AF0}.Release|Any CPU.Build.0 = Release|Any CPU
		{A372CBD5-71F0-4C5B-8661-84427CAD92C8}.Debug|Any CPU.ActiveCfg = Debug|Any CPU
		{A372CBD5-71F0-4C5B-8661-84427CAD92C8}.Debug|Any CPU.Build.0 = Debug|Any CPU
		{A372CBD5-71F0-4C5B-8661-84427CAD92C8}.Release|Any CPU.ActiveCfg = Release|Any CPU
		{A372CBD5-71F0-4C5B-8661-84427CAD92C8}.Release|Any CPU.Build.0 = Release|Any CPU
		{B771DDA2-657E-4247-A746-3FA374E6D4BA}.Debug|Any CPU.ActiveCfg = Debug|Any CPU
		{B771DDA2-657E-4247-A746-3FA374E6D4BA}.Debug|Any CPU.Build.0 = Debug|Any CPU
		{B771DDA2-657E-4247-A746-3FA374E6D4BA}.Release|Any CPU.ActiveCfg = Release|Any CPU
		{B771DDA2-657E-4247-A746-3FA374E6D4BA}.Release|Any CPU.Build.0 = Release|Any CPU
		{774FF999-EACD-4149-B574-91698E290D30}.Debug|Any CPU.ActiveCfg = Debug|Any CPU
		{774FF999-EACD-4149-B574-91698E290D30}.Debug|Any CPU.Build.0 = Debug|Any CPU
		{774FF999-EACD-4149-B574-91698E290D30}.Release|Any CPU.ActiveCfg = Release|Any CPU
		{774FF999-EACD-4149-B574-91698E290D30}.Release|Any CPU.Build.0 = Release|Any CPU
		{1D50B820-8403-487C-881D-475E84A0AE80}.Debug|Any CPU.ActiveCfg = Debug|Any CPU
		{1D50B820-8403-487C-881D-475E84A0AE80}.Debug|Any CPU.Build.0 = Debug|Any CPU
		{1D50B820-8403-487C-881D-475E84A0AE80}.Release|Any CPU.ActiveCfg = Release|Any CPU
		{1D50B820-8403-487C-881D-475E84A0AE80}.Release|Any CPU.Build.0 = Release|Any CPU
		{5940EF84-9810-4BEC-9D1A-86947FDA293E}.Debug|Any CPU.ActiveCfg = Debug|Any CPU
		{5940EF84-9810-4BEC-9D1A-86947FDA293E}.Debug|Any CPU.Build.0 = Debug|Any CPU
		{5940EF84-9810-4BEC-9D1A-86947FDA293E}.Release|Any CPU.ActiveCfg = Release|Any CPU
		{5940EF84-9810-4BEC-9D1A-86947FDA293E}.Release|Any CPU.Build.0 = Release|Any CPU
		{232A81DE-B54F-4AE7-A324-375B7FB384BB}.Debug|Any CPU.ActiveCfg = Debug|Any CPU
		{232A81DE-B54F-4AE7-A324-375B7FB384BB}.Debug|Any CPU.Build.0 = Debug|Any CPU
		{232A81DE-B54F-4AE7-A324-375B7FB384BB}.Release|Any CPU.ActiveCfg = Release|Any CPU
		{232A81DE-B54F-4AE7-A324-375B7FB384BB}.Release|Any CPU.Build.0 = Release|Any CPU
		{D49E2ED2-B3ED-4BE1-8B48-B1C056AC9FD9}.Debug|Any CPU.ActiveCfg = Debug|Any CPU
		{D49E2ED2-B3ED-4BE1-8B48-B1C056AC9FD9}.Debug|Any CPU.Build.0 = Debug|Any CPU
		{D49E2ED2-B3ED-4BE1-8B48-B1C056AC9FD9}.Release|Any CPU.ActiveCfg = Release|Any CPU
		{D49E2ED2-B3ED-4BE1-8B48-B1C056AC9FD9}.Release|Any CPU.Build.0 = Release|Any CPU
		{1ADD6FBB-ED60-468B-B6FC-0C5939EA8F6B}.Debug|Any CPU.ActiveCfg = Debug|Any CPU
		{1ADD6FBB-ED60-468B-B6FC-0C5939EA8F6B}.Debug|Any CPU.Build.0 = Debug|Any CPU
		{1ADD6FBB-ED60-468B-B6FC-0C5939EA8F6B}.Release|Any CPU.ActiveCfg = Release|Any CPU
		{1ADD6FBB-ED60-468B-B6FC-0C5939EA8F6B}.Release|Any CPU.Build.0 = Release|Any CPU
		{55E55A25-0ED3-43B6-A54E-BB2DBA4375D5}.Debug|Any CPU.ActiveCfg = Debug|Any CPU
		{55E55A25-0ED3-43B6-A54E-BB2DBA4375D5}.Debug|Any CPU.Build.0 = Debug|Any CPU
		{55E55A25-0ED3-43B6-A54E-BB2DBA4375D5}.Release|Any CPU.ActiveCfg = Release|Any CPU
		{55E55A25-0ED3-43B6-A54E-BB2DBA4375D5}.Release|Any CPU.Build.0 = Release|Any CPU
		{4E8C7110-07E0-4D17-8533-D55ED3324241}.Debug|Any CPU.ActiveCfg = Debug|Any CPU
		{4E8C7110-07E0-4D17-8533-D55ED3324241}.Debug|Any CPU.Build.0 = Debug|Any CPU
		{4E8C7110-07E0-4D17-8533-D55ED3324241}.Release|Any CPU.ActiveCfg = Release|Any CPU
		{4E8C7110-07E0-4D17-8533-D55ED3324241}.Release|Any CPU.Build.0 = Release|Any CPU
		{A4C80063-2F8F-46BA-A957-399F091C4CDF}.Debug|Any CPU.ActiveCfg = Debug|Any CPU
		{A4C80063-2F8F-46BA-A957-399F091C4CDF}.Debug|Any CPU.Build.0 = Debug|Any CPU
		{A4C80063-2F8F-46BA-A957-399F091C4CDF}.Release|Any CPU.ActiveCfg = Release|Any CPU
		{A4C80063-2F8F-46BA-A957-399F091C4CDF}.Release|Any CPU.Build.0 = Release|Any CPU
		{A6FECA33-E038-4E60-AA9C-31CCFD0C2619}.Debug|Any CPU.ActiveCfg = Debug|Any CPU
		{A6FECA33-E038-4E60-AA9C-31CCFD0C2619}.Debug|Any CPU.Build.0 = Debug|Any CPU
		{A6FECA33-E038-4E60-AA9C-31CCFD0C2619}.Release|Any CPU.ActiveCfg = Release|Any CPU
		{A6FECA33-E038-4E60-AA9C-31CCFD0C2619}.Release|Any CPU.Build.0 = Release|Any CPU
		{C5F5EAD6-74A2-4318-ABEE-3E5541380A77}.Debug|Any CPU.ActiveCfg = Debug|Any CPU
		{C5F5EAD6-74A2-4318-ABEE-3E5541380A77}.Debug|Any CPU.Build.0 = Debug|Any CPU
		{C5F5EAD6-74A2-4318-ABEE-3E5541380A77}.Release|Any CPU.ActiveCfg = Release|Any CPU
		{C5F5EAD6-74A2-4318-ABEE-3E5541380A77}.Release|Any CPU.Build.0 = Release|Any CPU
	EndGlobalSection
	GlobalSection(SolutionProperties) = preSolution
		HideSolutionNode = FALSE
	EndGlobalSection
	GlobalSection(NestedProjects) = preSolution
		{225D6559-61CD-4513-8337-4230B73564B6} = {B45E5AED-0892-4624-8689-E55221019CC6}
		{5F56D043-4932-43A7-94FE-83EB6F9F9170} = {1F6C9E7A-9B72-4ED4-A766-9986FB987B76}
		{7637E101-D654-40D7-8CB2-C3B8BF5BECE6} = {1F6C9E7A-9B72-4ED4-A766-9986FB987B76}
		{AF3C3205-ABA2-43B8-906E-FA66A4C3C4BC} = {96416016-EA74-4E7D-AE36-5FD2A54D1722}
		{FB0910F6-A01B-4C4B-AC6A-B829186C0558} = {96416016-EA74-4E7D-AE36-5FD2A54D1722}
		{A7729D5E-B25C-47BE-92D0-FB0F29CBB23D} = {77B0DBBA-7C9E-4636-953E-BE9F2D61F09D}
		{600C91CF-F8E1-4E44-8785-0FA3DEC51DA4} = {77B0DBBA-7C9E-4636-953E-BE9F2D61F09D}
		{64319E50-A79A-4956-BFB6-B0C34C8AD15E} = {77B0DBBA-7C9E-4636-953E-BE9F2D61F09D}
		{7C4E3CBC-740F-40C9-9CCE-3AC746B9F7E9} = {77B0DBBA-7C9E-4636-953E-BE9F2D61F09D}
		{C76C40C3-11F2-4755-B69E-ECF8C057B188} = {CD0AA4DD-66B1-46A1-8220-3829EF542A74}
		{97A726A4-0EE0-45EC-AABF-ED65291F5D87} = {CD0AA4DD-66B1-46A1-8220-3829EF542A74}
		{4D24C906-46FE-4E5B-A76A-39943C1F76B5} = {CD0AA4DD-66B1-46A1-8220-3829EF542A74}
		{6F986984-68C9-4B3D-BC76-FA6BCA9C5AF0} = {E81ED71A-A01E-42CD-A92F-8BD4247DE1F6}
		{A372CBD5-71F0-4C5B-8661-84427CAD92C8} = {CD0AA4DD-66B1-46A1-8220-3829EF542A74}
		{B771DDA2-657E-4247-A746-3FA374E6D4BA} = {7C73C853-1A5F-4F62-BD80-1ED5F1453705}
		{774FF999-EACD-4149-B574-91698E290D30} = {7C73C853-1A5F-4F62-BD80-1ED5F1453705}
		{1D50B820-8403-487C-881D-475E84A0AE80} = {925502B8-249B-4B7E-A22E-3E7B9E90FDB7}
		{5940EF84-9810-4BEC-9D1A-86947FDA293E} = {C098038B-493B-4C89-991A-C56A8264D99F}
		{232A81DE-B54F-4AE7-A324-375B7FB384BB} = {2A666931-97E7-495B-95E6-9C1E332C91D1}
		{D49E2ED2-B3ED-4BE1-8B48-B1C056AC9FD9} = {2A666931-97E7-495B-95E6-9C1E332C91D1}
		{1ADD6FBB-ED60-468B-B6FC-0C5939EA8F6B} = {40174B47-E63E-494E-A321-408027E2AF35}
		{55E55A25-0ED3-43B6-A54E-BB2DBA4375D5} = {40174B47-E63E-494E-A321-408027E2AF35}
		{4E8C7110-07E0-4D17-8533-D55ED3324241} = {40174B47-E63E-494E-A321-408027E2AF35}
		{A4C80063-2F8F-46BA-A957-399F091C4CDF} = {40174B47-E63E-494E-A321-408027E2AF35}
		{A6FECA33-E038-4E60-AA9C-31CCFD0C2619} = {40174B47-E63E-494E-A321-408027E2AF35}
		{C5F5EAD6-74A2-4318-ABEE-3E5541380A77} = {40174B47-E63E-494E-A321-408027E2AF35}
	EndGlobalSection
	GlobalSection(ExtensibilityGlobals) = postSolution
		SolutionGuid = {9F9F96B8-1C76-43BC-941A-DFF41E725214}
	EndGlobalSection
EndGlobal
