
Microsoft Visual Studio Solution File, Format Version 12.00
# Visual Studio Version 17
VisualStudioVersion = 17.4.33110.190
MinimumVisualStudioVersion = 10.0.40219.1
Project("{9A19103F-16F7-4668-BE54-9A1E7A4F7556}") = "MsalDemo", "MsalDemo.csproj", "{62D05A0D-601E-456B-9FC2-28C419703174}"
EndProject
Global
	GlobalSection(SolutionConfigurationPlatforms) = preSolution
		Debug|Any CPU = Debug|Any CPU
		Release|Any CPU = Release|Any CPU
	EndGlobalSection
	GlobalSection(ProjectConfigurationPlatforms) = postSolution
		{62D05A0D-601E-456B-9FC2-28C419703174}.Debug|Any CPU.ActiveCfg = Debug|Any CPU
		{62D05A0D-601E-456B-9FC2-28C419703174}.Debug|Any CPU.Build.0 = Debug|Any CPU
		{62D05A0D-601E-456B-9FC2-28C419703174}.Release|Any CPU.ActiveCfg = Release|Any CPU
		{62D05A0D-601E-456B-9FC2-28C419703174}.Release|Any CPU.Build.0 = Release|Any CPU
	EndGlobalSection
	GlobalSection(SolutionProperties) = preSolution
		HideSolutionNode = FALSE
	EndGlobalSection
	GlobalSection(ExtensibilityGlobals) = postSolution
		SolutionGuid = {63EEA60C-9B6C-44C7-B9E3-B85C23188282}
	EndGlobalSection
EndGlobal
